// !$*UTF8*$!
{
	archiveVersion = 1;
	classes = {
	};
	objectVersion = 50;
	objects = {

/* Begin PBXBuildFile section */
		437D80FC210812C2007D4EBC /* PinClass.swift in Sources */ = {isa = PBXBuildFile; fileRef = 437D80FB210812C2007D4EBC /* PinClass.swift */; };
		437D814D210E5016007D4EBC /* Location.swift in Sources */ = {isa = PBXBuildFile; fileRef = 437D814C210E5016007D4EBC /* Location.swift */; };
		4398692A20E31C000049AFCF /* AppDelegate.swift in Sources */ = {isa = PBXBuildFile; fileRef = 4398692920E31C000049AFCF /* AppDelegate.swift */; };
		4398692C20E31C000049AFCF /* MapViewController.swift in Sources */ = {isa = PBXBuildFile; fileRef = 4398692B20E31C000049AFCF /* MapViewController.swift */; };
		4398692F20E31C000049AFCF /* Main.storyboard in Resources */ = {isa = PBXBuildFile; fileRef = 4398692D20E31C000049AFCF /* Main.storyboard */; };
		4398693220E31C000049AFCF /* VirtualTourist.xcdatamodeld in Sources */ = {isa = PBXBuildFile; fileRef = 4398693020E31C000049AFCF /* VirtualTourist.xcdatamodeld */; };
		4398693420E31C040049AFCF /* Assets.xcassets in Resources */ = {isa = PBXBuildFile; fileRef = 4398693320E31C040049AFCF /* Assets.xcassets */; };
		4398693720E31C040049AFCF /* LaunchScreen.storyboard in Resources */ = {isa = PBXBuildFile; fileRef = 4398693520E31C040049AFCF /* LaunchScreen.storyboard */; };
		4398694220E31C050049AFCF /* VirtualTouristTests.swift in Sources */ = {isa = PBXBuildFile; fileRef = 4398694120E31C050049AFCF /* VirtualTouristTests.swift */; };
		4398694D20E31C050049AFCF /* VirtualTouristUITests.swift in Sources */ = {isa = PBXBuildFile; fileRef = 4398694C20E31C050049AFCF /* VirtualTouristUITests.swift */; };
		43C611A020FD7E9400587E6C /* PhotoAlbumViewController.swift in Sources */ = {isa = PBXBuildFile; fileRef = 43C6119F20FD7E9400587E6C /* PhotoAlbumViewController.swift */; };
		43C611A220FD931000587E6C /* GCDBlackBox.swift in Sources */ = {isa = PBXBuildFile; fileRef = 43C611A120FD931000587E6C /* GCDBlackBox.swift */; };
		43C611A420FD944800587E6C /* Constants.swift in Sources */ = {isa = PBXBuildFile; fileRef = 43C611A320FD944800587E6C /* Constants.swift */; };
		43C611A720FEC35300587E6C /* DataController.swift in Sources */ = {isa = PBXBuildFile; fileRef = 43C611A620FEC35300587E6C /* DataController.swift */; };
		43C611A92103928100587E6C /* GetPhotos.swift in Sources */ = {isa = PBXBuildFile; fileRef = 43C611A82103928100587E6C /* GetPhotos.swift */; };
		43C611AB210396FB00587E6C /* MapInteract.swift in Sources */ = {isa = PBXBuildFile; fileRef = 43C611AA210396FB00587E6C /* MapInteract.swift */; };
		43C611B22103A0D600587E6C /* PhotoCell.swift in Sources */ = {isa = PBXBuildFile; fileRef = 43C611B12103A0D600587E6C /* PhotoCell.swift */; };
/* End PBXBuildFile section */

/* Begin PBXContainerItemProxy section */
		4398693E20E31C050049AFCF /* PBXContainerItemProxy */ = {
			isa = PBXContainerItemProxy;
			containerPortal = 4398691E20E31C000049AFCF /* Project object */;
			proxyType = 1;
			remoteGlobalIDString = 4398692520E31C000049AFCF;
			remoteInfo = VirtualTourist;
		};
		4398694920E31C050049AFCF /* PBXContainerItemProxy */ = {
			isa = PBXContainerItemProxy;
			containerPortal = 4398691E20E31C000049AFCF /* Project object */;
			proxyType = 1;
			remoteGlobalIDString = 4398692520E31C000049AFCF;
			remoteInfo = VirtualTourist;
		};
/* End PBXContainerItemProxy section */

/* Begin PBXFileReference section */
		437D80FB210812C2007D4EBC /* PinClass.swift */ = {isa = PBXFileReference; lastKnownFileType = sourcecode.swift; path = PinClass.swift; sourceTree = "<group>"; };
		437D814C210E5016007D4EBC /* Location.swift */ = {isa = PBXFileReference; lastKnownFileType = sourcecode.swift; path = Location.swift; sourceTree = "<group>"; };
		4398692620E31C000049AFCF /* VirtualTourist.app */ = {isa = PBXFileReference; explicitFileType = wrapper.application; includeInIndex = 0; path = VirtualTourist.app; sourceTree = BUILT_PRODUCTS_DIR; };
		4398692920E31C000049AFCF /* AppDelegate.swift */ = {isa = PBXFileReference; lastKnownFileType = sourcecode.swift; path = AppDelegate.swift; sourceTree = "<group>"; };
		4398692B20E31C000049AFCF /* MapViewController.swift */ = {isa = PBXFileReference; lastKnownFileType = sourcecode.swift; path = MapViewController.swift; sourceTree = "<group>"; };
		4398692E20E31C000049AFCF /* Base */ = {isa = PBXFileReference; lastKnownFileType = file.storyboard; name = Base; path = Base.lproj/Main.storyboard; sourceTree = "<group>"; };
		4398693120E31C000049AFCF /* VirtualTourist.xcdatamodel */ = {isa = PBXFileReference; lastKnownFileType = wrapper.xcdatamodel; path = VirtualTourist.xcdatamodel; sourceTree = "<group>"; };
		4398693320E31C040049AFCF /* Assets.xcassets */ = {isa = PBXFileReference; lastKnownFileType = folder.assetcatalog; path = Assets.xcassets; sourceTree = "<group>"; };
		4398693620E31C040049AFCF /* Base */ = {isa = PBXFileReference; lastKnownFileType = file.storyboard; name = Base; path = Base.lproj/LaunchScreen.storyboard; sourceTree = "<group>"; };
		4398693820E31C040049AFCF /* Info.plist */ = {isa = PBXFileReference; lastKnownFileType = text.plist.xml; path = Info.plist; sourceTree = "<group>"; };
		4398693D20E31C050049AFCF /* VirtualTouristTests.xctest */ = {isa = PBXFileReference; explicitFileType = wrapper.cfbundle; includeInIndex = 0; path = VirtualTouristTests.xctest; sourceTree = BUILT_PRODUCTS_DIR; };
		4398694120E31C050049AFCF /* VirtualTouristTests.swift */ = {isa = PBXFileReference; lastKnownFileType = sourcecode.swift; path = VirtualTouristTests.swift; sourceTree = "<group>"; };
		4398694320E31C050049AFCF /* Info.plist */ = {isa = PBXFileReference; lastKnownFileType = text.plist.xml; path = Info.plist; sourceTree = "<group>"; };
		4398694820E31C050049AFCF /* VirtualTouristUITests.xctest */ = {isa = PBXFileReference; explicitFileType = wrapper.cfbundle; includeInIndex = 0; path = VirtualTouristUITests.xctest; sourceTree = BUILT_PRODUCTS_DIR; };
		4398694C20E31C050049AFCF /* VirtualTouristUITests.swift */ = {isa = PBXFileReference; lastKnownFileType = sourcecode.swift; path = VirtualTouristUITests.swift; sourceTree = "<group>"; };
		4398694E20E31C050049AFCF /* Info.plist */ = {isa = PBXFileReference; lastKnownFileType = text.plist.xml; path = Info.plist; sourceTree = "<group>"; };
		43C6119F20FD7E9400587E6C /* PhotoAlbumViewController.swift */ = {isa = PBXFileReference; lastKnownFileType = sourcecode.swift; path = PhotoAlbumViewController.swift; sourceTree = "<group>"; };
		43C611A120FD931000587E6C /* GCDBlackBox.swift */ = {isa = PBXFileReference; lastKnownFileType = sourcecode.swift; path = GCDBlackBox.swift; sourceTree = "<group>"; };
		43C611A320FD944800587E6C /* Constants.swift */ = {isa = PBXFileReference; lastKnownFileType = sourcecode.swift; path = Constants.swift; sourceTree = "<group>"; };
		43C611A620FEC35300587E6C /* DataController.swift */ = {isa = PBXFileReference; lastKnownFileType = sourcecode.swift; path = DataController.swift; sourceTree = "<group>"; };
		43C611A82103928100587E6C /* GetPhotos.swift */ = {isa = PBXFileReference; lastKnownFileType = sourcecode.swift; path = GetPhotos.swift; sourceTree = "<group>"; };
		43C611AA210396FB00587E6C /* MapInteract.swift */ = {isa = PBXFileReference; lastKnownFileType = sourcecode.swift; path = MapInteract.swift; sourceTree = "<group>"; };
		43C611B12103A0D600587E6C /* PhotoCell.swift */ = {isa = PBXFileReference; lastKnownFileType = sourcecode.swift; path = PhotoCell.swift; sourceTree = "<group>"; };
/* End PBXFileReference section */

/* Begin PBXFrameworksBuildPhase section */
		4398692320E31C000049AFCF /* Frameworks */ = {
			isa = PBXFrameworksBuildPhase;
			buildActionMask = 2147483647;
			files = (
			);
			runOnlyForDeploymentPostprocessing = 0;
		};
		4398693A20E31C050049AFCF /* Frameworks */ = {
			isa = PBXFrameworksBuildPhase;
			buildActionMask = 2147483647;
			files = (
			);
			runOnlyForDeploymentPostprocessing = 0;
		};
		4398694520E31C050049AFCF /* Frameworks */ = {
			isa = PBXFrameworksBuildPhase;
			buildActionMask = 2147483647;
			files = (
			);
			runOnlyForDeploymentPostprocessing = 0;
		};
/* End PBXFrameworksBuildPhase section */

/* Begin PBXGroup section */
		4398691D20E31C000049AFCF = {
			isa = PBXGroup;
			children = (
				4398692820E31C000049AFCF /* VirtualTourist */,
				4398694020E31C050049AFCF /* VirtualTouristTests */,
				4398694B20E31C050049AFCF /* VirtualTouristUITests */,
				4398692720E31C000049AFCF /* Products */,
			);
			sourceTree = "<group>";
		};
		4398692720E31C000049AFCF /* Products */ = {
			isa = PBXGroup;
			children = (
				4398692620E31C000049AFCF /* VirtualTourist.app */,
				4398693D20E31C050049AFCF /* VirtualTouristTests.xctest */,
				4398694820E31C050049AFCF /* VirtualTouristUITests.xctest */,
			);
			name = Products;
			sourceTree = "<group>";
		};
		4398692820E31C000049AFCF /* VirtualTourist */ = {
			isa = PBXGroup;
			children = (
				4398693020E31C000049AFCF /* VirtualTourist.xcdatamodeld */,
				4398693820E31C040049AFCF /* Info.plist */,
				4398692920E31C000049AFCF /* AppDelegate.swift */,
				4398695C20E31C690049AFCF /* Controller */,
				4398695B20E31C620049AFCF /* View */,
				4398695A20E31C540049AFCF /* Model */,
				4398693320E31C040049AFCF /* Assets.xcassets */,
				4398693520E31C040049AFCF /* LaunchScreen.storyboard */,
			);
			path = VirtualTourist;
			sourceTree = "<group>";
		};
		4398694020E31C050049AFCF /* VirtualTouristTests */ = {
			isa = PBXGroup;
			children = (
				4398694120E31C050049AFCF /* VirtualTouristTests.swift */,
				4398694320E31C050049AFCF /* Info.plist */,
			);
			path = VirtualTouristTests;
			sourceTree = "<group>";
		};
		4398694B20E31C050049AFCF /* VirtualTouristUITests */ = {
			isa = PBXGroup;
			children = (
				4398694C20E31C050049AFCF /* VirtualTouristUITests.swift */,
				4398694E20E31C050049AFCF /* Info.plist */,
			);
			path = VirtualTouristUITests;
			sourceTree = "<group>";
		};
		4398695A20E31C540049AFCF /* Model */ = {
			isa = PBXGroup;
			children = (
				437D80FB210812C2007D4EBC /* PinClass.swift */,
				43C611A120FD931000587E6C /* GCDBlackBox.swift */,
				437D814C210E5016007D4EBC /* Location.swift */,
				43C611AC210397D300587E6C /* Map */,
				43C611A520FD945100587E6C /* Flickr */,
			);
			path = Model;
			sourceTree = "<group>";
		};
		4398695B20E31C620049AFCF /* View */ = {
			isa = PBXGroup;
			children = (
				4398692D20E31C000049AFCF /* Main.storyboard */,
				43C611B12103A0D600587E6C /* PhotoCell.swift */,
			);
			path = View;
			sourceTree = "<group>";
		};
		4398695C20E31C690049AFCF /* Controller */ = {
			isa = PBXGroup;
			children = (
				4398692B20E31C000049AFCF /* MapViewController.swift */,
				43C6119F20FD7E9400587E6C /* PhotoAlbumViewController.swift */,
				43C611A620FEC35300587E6C /* DataController.swift */,
				43C611A82103928100587E6C /* GetPhotos.swift */,
			);
			path = Controller;
			sourceTree = "<group>";
		};
		43C611A520FD945100587E6C /* Flickr */ = {
			isa = PBXGroup;
			children = (
				43C611A320FD944800587E6C /* Constants.swift */,
			);
			path = Flickr;
			sourceTree = "<group>";
		};
		43C611AC210397D300587E6C /* Map */ = {
			isa = PBXGroup;
			children = (
				43C611AA210396FB00587E6C /* MapInteract.swift */,
			);
			path = Map;
			sourceTree = "<group>";
		};
/* End PBXGroup section */

/* Begin PBXNativeTarget section */
		4398692520E31C000049AFCF /* VirtualTourist */ = {
			isa = PBXNativeTarget;
			buildConfigurationList = 4398695120E31C050049AFCF /* Build configuration list for PBXNativeTarget "VirtualTourist" */;
			buildPhases = (
				4398692220E31C000049AFCF /* Sources */,
				4398692320E31C000049AFCF /* Frameworks */,
				4398692420E31C000049AFCF /* Resources */,
			);
			buildRules = (
			);
			dependencies = (
			);
			name = VirtualTourist;
			productName = VirtualTourist;
			productReference = 4398692620E31C000049AFCF /* VirtualTourist.app */;
			productType = "com.apple.product-type.application";
		};
		4398693C20E31C050049AFCF /* VirtualTouristTests */ = {
			isa = PBXNativeTarget;
			buildConfigurationList = 4398695420E31C050049AFCF /* Build configuration list for PBXNativeTarget "VirtualTouristTests" */;
			buildPhases = (
				4398693920E31C050049AFCF /* Sources */,
				4398693A20E31C050049AFCF /* Frameworks */,
				4398693B20E31C050049AFCF /* Resources */,
			);
			buildRules = (
			);
			dependencies = (
				4398693F20E31C050049AFCF /* PBXTargetDependency */,
			);
			name = VirtualTouristTests;
			productName = VirtualTouristTests;
			productReference = 4398693D20E31C050049AFCF /* VirtualTouristTests.xctest */;
			productType = "com.apple.product-type.bundle.unit-test";
		};
		4398694720E31C050049AFCF /* VirtualTouristUITests */ = {
			isa = PBXNativeTarget;
			buildConfigurationList = 4398695720E31C050049AFCF /* Build configuration list for PBXNativeTarget "VirtualTouristUITests" */;
			buildPhases = (
				4398694420E31C050049AFCF /* Sources */,
				4398694520E31C050049AFCF /* Frameworks */,
				4398694620E31C050049AFCF /* Resources */,
			);
			buildRules = (
			);
			dependencies = (
				4398694A20E31C050049AFCF /* PBXTargetDependency */,
			);
			name = VirtualTouristUITests;
			productName = VirtualTouristUITests;
			productReference = 4398694820E31C050049AFCF /* VirtualTouristUITests.xctest */;
			productType = "com.apple.product-type.bundle.ui-testing";
		};
/* End PBXNativeTarget section */

/* Begin PBXProject section */
		4398691E20E31C000049AFCF /* Project object */ = {
			isa = PBXProject;
			attributes = {
				LastSwiftUpdateCheck = 0940;
				LastUpgradeCheck = 0940;
				ORGANIZATIONNAME = "Andrew Llewellyn";
				TargetAttributes = {
					4398692520E31C000049AFCF = {
						CreatedOnToolsVersion = 9.4;
					};
					4398693C20E31C050049AFCF = {
						CreatedOnToolsVersion = 9.4;
						TestTargetID = 4398692520E31C000049AFCF;
					};
					4398694720E31C050049AFCF = {
						CreatedOnToolsVersion = 9.4;
						TestTargetID = 4398692520E31C000049AFCF;
					};
				};
			};
			buildConfigurationList = 4398692120E31C000049AFCF /* Build configuration list for PBXProject "VirtualTourist" */;
			compatibilityVersion = "Xcode 9.3";
			developmentRegion = en;
			hasScannedForEncodings = 0;
			knownRegions = (
				en,
				Base,
			);
			mainGroup = 4398691D20E31C000049AFCF;
			productRefGroup = 4398692720E31C000049AFCF /* Products */;
			projectDirPath = "";
			projectRoot = "";
			targets = (
				4398692520E31C000049AFCF /* VirtualTourist */,
				4398693C20E31C050049AFCF /* VirtualTouristTests */,
				4398694720E31C050049AFCF /* VirtualTouristUITests */,
			);
		};
/* End PBXProject section */

/* Begin PBXResourcesBuildPhase section */
		4398692420E31C000049AFCF /* Resources */ = {
			isa = PBXResourcesBuildPhase;
			buildActionMask = 2147483647;
			files = (
				4398693720E31C040049AFCF /* LaunchScreen.storyboard in Resources */,
				4398693420E31C040049AFCF /* Assets.xcassets in Resources */,
				4398692F20E31C000049AFCF /* Main.storyboard in Resources */,
			);
			runOnlyForDeploymentPostprocessing = 0;
		};
		4398693B20E31C050049AFCF /* Resources */ = {
			isa = PBXResourcesBuildPhase;
			buildActionMask = 2147483647;
			files = (
			);
			runOnlyForDeploymentPostprocessing = 0;
		};
		4398694620E31C050049AFCF /* Resources */ = {
			isa = PBXResourcesBuildPhase;
			buildActionMask = 2147483647;
			files = (
			);
			runOnlyForDeploymentPostprocessing = 0;
		};
/* End PBXResourcesBuildPhase section */

/* Begin PBXSourcesBuildPhase section */
		4398692220E31C000049AFCF /* Sources */ = {
			isa = PBXSourcesBuildPhase;
			buildActionMask = 2147483647;
			files = (
				43C611A720FEC35300587E6C /* DataController.swift in Sources */,
				4398692C20E31C000049AFCF /* MapViewController.swift in Sources */,
				4398692A20E31C000049AFCF /* AppDelegate.swift in Sources */,
				4398693220E31C000049AFCF /* VirtualTourist.xcdatamodeld in Sources */,
				43C611A020FD7E9400587E6C /* PhotoAlbumViewController.swift in Sources */,
				437D814D210E5016007D4EBC /* Location.swift in Sources */,
				437D80FC210812C2007D4EBC /* PinClass.swift in Sources */,
				43C611AB210396FB00587E6C /* MapInteract.swift in Sources */,
				43C611A220FD931000587E6C /* GCDBlackBox.swift in Sources */,
				43C611A420FD944800587E6C /* Constants.swift in Sources */,
				43C611B22103A0D600587E6C /* PhotoCell.swift in Sources */,
				43C611A92103928100587E6C /* GetPhotos.swift in Sources */,
			);
			runOnlyForDeploymentPostprocessing = 0;
		};
		4398693920E31C050049AFCF /* Sources */ = {
			isa = PBXSourcesBuildPhase;
			buildActionMask = 2147483647;
			files = (
				4398694220E31C050049AFCF /* VirtualTouristTests.swift in Sources */,
			);
			runOnlyForDeploymentPostprocessing = 0;
		};
		4398694420E31C050049AFCF /* Sources */ = {
			isa = PBXSourcesBuildPhase;
			buildActionMask = 2147483647;
			files = (
				4398694D20E31C050049AFCF /* VirtualTouristUITests.swift in Sources */,
			);
			runOnlyForDeploymentPostprocessing = 0;
		};
/* End PBXSourcesBuildPhase section */

/* Begin PBXTargetDependency section */
		4398693F20E31C050049AFCF /* PBXTargetDependency */ = {
			isa = PBXTargetDependency;
			target = 4398692520E31C000049AFCF /* VirtualTourist */;
			targetProxy = 4398693E20E31C050049AFCF /* PBXContainerItemProxy */;
		};
		4398694A20E31C050049AFCF /* PBXTargetDependency */ = {
			isa = PBXTargetDependency;
			target = 4398692520E31C000049AFCF /* VirtualTourist */;
			targetProxy = 4398694920E31C050049AFCF /* PBXContainerItemProxy */;
		};
/* End PBXTargetDependency section */

/* Begin PBXVariantGroup section */
		4398692D20E31C000049AFCF /* Main.storyboard */ = {
			isa = PBXVariantGroup;
			children = (
				4398692E20E31C000049AFCF /* Base */,
			);
			name = Main.storyboard;
			sourceTree = "<group>";
		};
		4398693520E31C040049AFCF /* LaunchScreen.storyboard */ = {
			isa = PBXVariantGroup;
			children = (
				4398693620E31C040049AFCF /* Base */,
			);
			name = LaunchScreen.storyboard;
			sourceTree = "<group>";
		};
/* End PBXVariantGroup section */

/* Begin XCBuildConfiguration section */
		4398694F20E31C050049AFCF /* Debug */ = {
			isa = XCBuildConfiguration;
			buildSettings = {
				ALWAYS_SEARCH_USER_PATHS = NO;
				CLANG_ANALYZER_NONNULL = YES;
				CLANG_ANALYZER_NUMBER_OBJECT_CONVERSION = YES_AGGRESSIVE;
				CLANG_CXX_LANGUAGE_STANDARD = "gnu++14";
				CLANG_CXX_LIBRARY = "libc++";
				CLANG_ENABLE_MODULES = YES;
				CLANG_ENABLE_OBJC_ARC = YES;
				CLANG_ENABLE_OBJC_WEAK = YES;
				CLANG_WARN_BLOCK_CAPTURE_AUTORELEASING = YES;
				CLANG_WARN_BOOL_CONVERSION = YES;
				CLANG_WARN_COMMA = YES;
				CLANG_WARN_CONSTANT_CONVERSION = YES;
				CLANG_WARN_DEPRECATED_OBJC_IMPLEMENTATIONS = YES;
				CLANG_WARN_DIRECT_OBJC_ISA_USAGE = YES_ERROR;
				CLANG_WARN_DOCUMENTATION_COMMENTS = YES;
				CLANG_WARN_EMPTY_BODY = YES;
				CLANG_WARN_ENUM_CONVERSION = YES;
				CLANG_WARN_INFINITE_RECURSION = YES;
				CLANG_WARN_INT_CONVERSION = YES;
				CLANG_WARN_NON_LITERAL_NULL_CONVERSION = YES;
				CLANG_WARN_OBJC_IMPLICIT_RETAIN_SELF = YES;
				CLANG_WARN_OBJC_LITERAL_CONVERSION = YES;
				CLANG_WARN_OBJC_ROOT_CLASS = YES_ERROR;
				CLANG_WARN_RANGE_LOOP_ANALYSIS = YES;
				CLANG_WARN_STRICT_PROTOTYPES = YES;
				CLANG_WARN_SUSPICIOUS_MOVE = YES;
				CLANG_WARN_UNGUARDED_AVAILABILITY = YES_AGGRESSIVE;
				CLANG_WARN_UNREACHABLE_CODE = YES;
				CLANG_WARN__DUPLICATE_METHOD_MATCH = YES;
				CODE_SIGN_IDENTITY = "iPhone Developer";
				COPY_PHASE_STRIP = NO;
				DEBUG_INFORMATION_FORMAT = dwarf;
				ENABLE_STRICT_OBJC_MSGSEND = YES;
				ENABLE_TESTABILITY = YES;
				GCC_C_LANGUAGE_STANDARD = gnu11;
				GCC_DYNAMIC_NO_PIC = NO;
				GCC_NO_COMMON_BLOCKS = YES;
				GCC_OPTIMIZATION_LEVEL = 0;
				GCC_PREPROCESSOR_DEFINITIONS = (
					"DEBUG=1",
					"$(inherited)",
				);
				GCC_WARN_64_TO_32_BIT_CONVERSION = YES;
				GCC_WARN_ABOUT_RETURN_TYPE = YES_ERROR;
				GCC_WARN_UNDECLARED_SELECTOR = YES;
				GCC_WARN_UNINITIALIZED_AUTOS = YES_AGGRESSIVE;
				GCC_WARN_UNUSED_FUNCTION = YES;
				GCC_WARN_UNUSED_VARIABLE = YES;
				IPHONEOS_DEPLOYMENT_TARGET = 11.4;
				MTL_ENABLE_DEBUG_INFO = YES;
				ONLY_ACTIVE_ARCH = YES;
				SDKROOT = iphoneos;
				SWIFT_ACTIVE_COMPILATION_CONDITIONS = DEBUG;
				SWIFT_OPTIMIZATION_LEVEL = "-Onone";
			};
			name = Debug;
		};
		4398695020E31C050049AFCF /* Release */ = {
			isa = XCBuildConfiguration;
			buildSettings = {
				ALWAYS_SEARCH_USER_PATHS = NO;
				CLANG_ANALYZER_NONNULL = YES;
				CLANG_ANALYZER_NUMBER_OBJECT_CONVERSION = YES_AGGRESSIVE;
				CLANG_CXX_LANGUAGE_STANDARD = "gnu++14";
				CLANG_CXX_LIBRARY = "libc++";
				CLANG_ENABLE_MODULES = YES;
				CLANG_ENABLE_OBJC_ARC = YES;
				CLANG_ENABLE_OBJC_WEAK = YES;
				CLANG_WARN_BLOCK_CAPTURE_AUTORELEASING = YES;
				CLANG_WARN_BOOL_CONVERSION = YES;
				CLANG_WARN_COMMA = YES;
				CLANG_WARN_CONSTANT_CONVERSION = YES;
				CLANG_WARN_DEPRECATED_OBJC_IMPLEMENTATIONS = YES;
				CLANG_WARN_DIRECT_OBJC_ISA_USAGE = YES_ERROR;
				CLANG_WARN_DOCUMENTATION_COMMENTS = YES;
				CLANG_WARN_EMPTY_BODY = YES;
				CLANG_WARN_ENUM_CONVERSION = YES;
				CLANG_WARN_INFINITE_RECURSION = YES;
				CLANG_WARN_INT_CONVERSION = YES;
				CLANG_WARN_NON_LITERAL_NULL_CONVERSION = YES;
				CLANG_WARN_OBJC_IMPLICIT_RETAIN_SELF = YES;
				CLANG_WARN_OBJC_LITERAL_CONVERSION = YES;
				CLANG_WARN_OBJC_ROOT_CLASS = YES_ERROR;
				CLANG_WARN_RANGE_LOOP_ANALYSIS = YES;
				CLANG_WARN_STRICT_PROTOTYPES = YES;
				CLANG_WARN_SUSPICIOUS_MOVE = YES;
				CLANG_WARN_UNGUARDED_AVAILABILITY = YES_AGGRESSIVE;
				CLANG_WARN_UNREACHABLE_CODE = YES;
				CLANG_WARN__DUPLICATE_METHOD_MATCH = YES;
				CODE_SIGN_IDENTITY = "iPhone Developer";
				COPY_PHASE_STRIP = NO;
				DEBUG_INFORMATION_FORMAT = "dwarf-with-dsym";
				ENABLE_NS_ASSERTIONS = NO;
				ENABLE_STRICT_OBJC_MSGSEND = YES;
				GCC_C_LANGUAGE_STANDARD = gnu11;
				GCC_NO_COMMON_BLOCKS = YES;
				GCC_WARN_64_TO_32_BIT_CONVERSION = YES;
				GCC_WARN_ABOUT_RETURN_TYPE = YES_ERROR;
				GCC_WARN_UNDECLARED_SELECTOR = YES;
				GCC_WARN_UNINITIALIZED_AUTOS = YES_AGGRESSIVE;
				GCC_WARN_UNUSED_FUNCTION = YES;
				GCC_WARN_UNUSED_VARIABLE = YES;
				IPHONEOS_DEPLOYMENT_TARGET = 11.4;
				MTL_ENABLE_DEBUG_INFO = NO;
				SDKROOT = iphoneos;
				SWIFT_COMPILATION_MODE = wholemodule;
				SWIFT_OPTIMIZATION_LEVEL = "-O";
				VALIDATE_PRODUCT = YES;
			};
			name = Release;
		};
		4398695220E31C050049AFCF /* Debug */ = {
			isa = XCBuildConfiguration;
			buildSettings = {
				ASSETCATALOG_COMPILER_APPICON_NAME = AppIcon;
				CODE_SIGN_STYLE = Automatic;
				DEVELOPMENT_TEAM = MHU3W89TR4;
				INFOPLIST_FILE = VirtualTourist/Info.plist;
				LD_RUNPATH_SEARCH_PATHS = (
					"$(inherited)",
					"@executable_path/Frameworks",
				);
				PRODUCT_BUNDLE_IDENTIFIER = allwllyn.VirtualTourist;
				PRODUCT_NAME = "$(TARGET_NAME)";
				SWIFT_VERSION = 4.0;
				TARGETED_DEVICE_FAMILY = "1,2";
			};
			name = Debug;
		};
		4398695320E31C050049AFCF /* Release */ = {
			isa = XCBuildConfiguration;
			buildSettings = {
				ASSETCATALOG_COMPILER_APPICON_NAME = AppIcon;
				CODE_SIGN_STYLE = Automatic;
				DEVELOPMENT_TEAM = MHU3W89TR4;
				INFOPLIST_FILE = VirtualTourist/Info.plist;
				LD_RUNPATH_SEARCH_PATHS = (
					"$(inherited)",
					"@executable_path/Frameworks",
				);
				PRODUCT_BUNDLE_IDENTIFIER = allwllyn.VirtualTourist;
				PRODUCT_NAME = "$(TARGET_NAME)";
				SWIFT_VERSION = 4.0;
				TARGETED_DEVICE_FAMILY = "1,2";
			};
			name = Release;
		};
		4398695520E31C050049AFCF /* Debug */ = {
			isa = XCBuildConfiguration;
			buildSettings = {
				ALWAYS_EMBED_SWIFT_STANDARD_LIBRARIES = YES;
				BUNDLE_LOADER = "$(TEST_HOST)";
				CODE_SIGN_STYLE = Automatic;
				DEVELOPMENT_TEAM = MHU3W89TR4;
				INFOPLIST_FILE = VirtualTouristTests/Info.plist;
				LD_RUNPATH_SEARCH_PATHS = (
					"$(inherited)",
					"@executable_path/Frameworks",
					"@loader_path/Frameworks",
				);
				PRODUCT_BUNDLE_IDENTIFIER = allwllyn.VirtualTouristTests;
				PRODUCT_NAME = "$(TARGET_NAME)";
				SWIFT_VERSION = 4.0;
				TARGETED_DEVICE_FAMILY = "1,2";
				TEST_HOST = "$(BUILT_PRODUCTS_DIR)/VirtualTourist.app/VirtualTourist";
			};
			name = Debug;
		};
		4398695620E31C050049AFCF /* Release */ = {
			isa = XCBuildConfiguration;
			buildSettings = {
				ALWAYS_EMBED_SWIFT_STANDARD_LIBRARIES = YES;
				BUNDLE_LOADER = "$(TEST_HOST)";
				CODE_SIGN_STYLE = Automatic;
				DEVELOPMENT_TEAM = MHU3W89TR4;
				INFOPLIST_FILE = VirtualTouristTests/Info.plist;
				LD_RUNPATH_SEARCH_PATHS = (
					"$(inherited)",
					"@executable_path/Frameworks",
					"@loader_path/Frameworks",
				);
				PRODUCT_BUNDLE_IDENTIFIER = allwllyn.VirtualTouristTests;
				PRODUCT_NAME = "$(TARGET_NAME)";
				SWIFT_VERSION = 4.0;
				TARGETED_DEVICE_FAMILY = "1,2";
				TEST_HOST = "$(BUILT_PRODUCTS_DIR)/VirtualTourist.app/VirtualTourist";
			};
			name = Release;
		};
		4398695820E31C050049AFCF /* Debug */ = {
			isa = XCBuildConfiguration;
			buildSettings = {
				ALWAYS_EMBED_SWIFT_STANDARD_LIBRARIES = YES;
				CODE_SIGN_STYLE = Automatic;
				DEVELOPMENT_TEAM = MHU3W89TR4;
				INFOPLIST_FILE = VirtualTouristUITests/Info.plist;
				LD_RUNPATH_SEARCH_PATHS = (
					"$(inherited)",
					"@executable_path/Frameworks",
					"@loader_path/Frameworks",
				);
				PRODUCT_BUNDLE_IDENTIFIER = allwllyn.VirtualTouristUITests;
				PRODUCT_NAME = "$(TARGET_NAME)";
				SWIFT_VERSION = 4.0;
				TARGETED_DEVICE_FAMILY = "1,2";
				TEST_TARGET_NAME = VirtualTourist;
			};
			name = Debug;
		};
		4398695920E31C050049AFCF /* Release */ = {
			isa = XCBuildConfiguration;
			buildSettings = {
				ALWAYS_EMBED_SWIFT_STANDARD_LIBRARIES = YES;
				CODE_SIGN_STYLE = Automatic;
				DEVELOPMENT_TEAM = MHU3W89TR4;
				INFOPLIST_FILE = VirtualTouristUITests/Info.plist;
				LD_RUNPATH_SEARCH_PATHS = (
					"$(inherited)",
					"@executable_path/Frameworks",
					"@loader_path/Frameworks",
				);
				PRODUCT_BUNDLE_IDENTIFIER = allwllyn.VirtualTouristUITests;
				PRODUCT_NAME = "$(TARGET_NAME)";
				SWIFT_VERSION = 4.0;
				TARGETED_DEVICE_FAMILY = "1,2";
				TEST_TARGET_NAME = VirtualTourist;
			};
			name = Release;
		};
/* End XCBuildConfiguration section */

/* Begin XCConfigurationList section */
		4398692120E31C000049AFCF /* Build configuration list for PBXProject "VirtualTourist" */ = {
			isa = XCConfigurationList;
			buildConfigurations = (
				4398694F20E31C050049AFCF /* Debug */,
				4398695020E31C050049AFCF /* Release */,
			);
			defaultConfigurationIsVisible = 0;
			defaultConfigurationName = Release;
		};
		4398695120E31C050049AFCF /* Build configuration list for PBXNativeTarget "VirtualTourist" */ = {
			isa = XCConfigurationList;
			buildConfigurations = (
				4398695220E31C050049AFCF /* Debug */,
				4398695320E31C050049AFCF /* Release */,
			);
			defaultConfigurationIsVisible = 0;
			defaultConfigurationName = Release;
		};
		4398695420E31C050049AFCF /* Build configuration list for PBXNativeTarget "VirtualTouristTests" */ = {
			isa = XCConfigurationList;
			buildConfigurations = (
				4398695520E31C050049AFCF /* Debug */,
				4398695620E31C050049AFCF /* Release */,
			);
			defaultConfigurationIsVisible = 0;
			defaultConfigurationName = Release;
		};
		4398695720E31C050049AFCF /* Build configuration list for PBXNativeTarget "VirtualTouristUITests" */ = {
			isa = XCConfigurationList;
			buildConfigurations = (
				4398695820E31C050049AFCF /* Debug */,
				4398695920E31C050049AFCF /* Release */,
			);
			defaultConfigurationIsVisible = 0;
			defaultConfigurationName = Release;
		};
/* End XCConfigurationList section */

/* Begin XCVersionGroup section */
		4398693020E31C000049AFCF /* VirtualTourist.xcdatamodeld */ = {
			isa = XCVersionGroup;
			children = (
				4398693120E31C000049AFCF /* VirtualTourist.xcdatamodel */,
			);
			currentVersion = 4398693120E31C000049AFCF /* VirtualTourist.xcdatamodel */;
			path = VirtualTourist.xcdatamodeld;
			sourceTree = "<group>";
			versionGroupType = wrapper.xcdatamodel;
		};
/* End XCVersionGroup section */
	};
	rootObject = 4398691E20E31C000049AFCF /* Project object */;
}
